
Microsoft Visual Studio Solution File, Format Version 12.00
# Visual Studio 15
VisualStudioVersion = 15.0.28307.168
MinimumVisualStudioVersion = 10.0.40219.1
Project("{FAE04EC0-301F-11D3-BF4B-00C04F79EFBC}") = "CW3Blog", "CW3Blog\CW3Blog.csproj", "{4BD06A8A-EBCE-4F47-80F7-5D2E08237746}"
EndProject
Global
	GlobalSection(SolutionConfigurationPlatforms) = preSolution
		Debug|Any CPU = Debug|Any CPU
		Release|Any CPU = Release|Any CPU
	EndGlobalSection
	GlobalSection(ProjectConfigurationPlatforms) = postSolution
		{4BD06A8A-EBCE-4F47-80F7-5D2E08237746}.Debug|Any CPU.ActiveCfg = Debug|Any CPU
		{4BD06A8A-EBCE-4F47-80F7-5D2E08237746}.Debug|Any CPU.Build.0 = Debug|Any CPU
		{4BD06A8A-EBCE-4F47-80F7-5D2E08237746}.Release|Any CPU.ActiveCfg = Release|Any CPU
		{4BD06A8A-EBCE-4F47-80F7-5D2E08237746}.Release|Any CPU.Build.0 = Release|Any CPU
	EndGlobalSection
	GlobalSection(SolutionProperties) = preSolution
		HideSolutionNode = FALSE
	EndGlobalSection
	GlobalSection(ExtensibilityGlobals) = postSolution
		SolutionGuid = {C9A5A6F6-1E22-4F0B-87C3-E368E9EE957D}
	EndGlobalSection
EndGlobal
